{
  "name": "inktestate",
  "version": "1.0.0",
  "lockfileVersion": 3,
  "requires": true,
  "packages": {
    "": {
      "name": "inktestate",
      "version": "1.0.0",
      "license": "ISC",
      "dependencies": {
        "inkjs": "^2.2.2"
      }
    },
    "node_modules/inkjs": {
      "version": "2.2.2",
      "resolved": "https://registry.npmjs.org/inkjs/-/inkjs-2.2.2.tgz",
      "integrity": "sha512-SSI054diwSr7rwe6cIMAR8eJu3WVhrwhLEYVsgR0OjqE2Jt22mG1zej236fXSM7ofzQWsQfFfvfeDa881RjKpQ=="
    }
  }
}
